// !$*UTF8*$!
{
	archiveVersion = 1;
	classes = {
	};
	objectVersion = 77;
	objects = {

/* Begin PBXBuildFile section */
		3743C18F2CD6A9DE004F9CB2 /* README.md in Resources */ = {isa = PBXBuildFile; fileRef = 3743C18E2CD6A9D8004F9CB2 /* README.md */; };
		3743C1912CD6AA6C004F9CB2 /* secrets.xcconfig in Resources */ = {isa = PBXBuildFile; fileRef = 3743C1902CD6AA6C004F9CB2 /* secrets.xcconfig */; };
		3743C1922CD6AA6C004F9CB2 /* secrets.xcconfig in Resources */ = {isa = PBXBuildFile; fileRef = 3743C1902CD6AA6C004F9CB2 /* secrets.xcconfig */; };
		3743C1932CD6AA6C004F9CB2 /* secrets.xcconfig in Resources */ = {isa = PBXBuildFile; fileRef = 3743C1902CD6AA6C004F9CB2 /* secrets.xcconfig */; };
		3743C1B32CD6BEC9004F9CB2 /* MP-Weather.xcconfig in Resources */ = {isa = PBXBuildFile; fileRef = 3743C1B22CD6BEC9004F9CB2 /* MP-Weather.xcconfig */; };
		3743C1B92CD6BF5D004F9CB2 /* TestFutureForecast.json in Resources */ = {isa = PBXBuildFile; fileRef = 3743C1B82CD6BF5D004F9CB2 /* TestFutureForecast.json */; };
		3743C1BA2CD6BF5D004F9CB2 /* SupportedLocales.plist in Resources */ = {isa = PBXBuildFile; fileRef = 3743C1B62CD6BF5D004F9CB2 /* SupportedLocales.plist */; };
		3743C1BB2CD6BF5D004F9CB2 /* TestCurrentForecast.json in Resources */ = {isa = PBXBuildFile; fileRef = 3743C1B72CD6BF5D004F9CB2 /* TestCurrentForecast.json */; };
		3743C1BC2CD6BF5D004F9CB2 /* TestFutureForecast.json in Resources */ = {isa = PBXBuildFile; fileRef = 3743C1B82CD6BF5D004F9CB2 /* TestFutureForecast.json */; };
		3743C1BD2CD6BF5D004F9CB2 /* SupportedLocales.plist in Resources */ = {isa = PBXBuildFile; fileRef = 3743C1B62CD6BF5D004F9CB2 /* SupportedLocales.plist */; };
		3743C1BE2CD6BF5D004F9CB2 /* TestCurrentForecast.json in Resources */ = {isa = PBXBuildFile; fileRef = 3743C1B72CD6BF5D004F9CB2 /* TestCurrentForecast.json */; };
		3743C1BF2CD6BF5D004F9CB2 /* TestFutureForecast.json in Resources */ = {isa = PBXBuildFile; fileRef = 3743C1B82CD6BF5D004F9CB2 /* TestFutureForecast.json */; };
		3743C1C02CD6BF5D004F9CB2 /* SupportedLocales.plist in Resources */ = {isa = PBXBuildFile; fileRef = 3743C1B62CD6BF5D004F9CB2 /* SupportedLocales.plist */; };
		3743C1C12CD6BF5D004F9CB2 /* TestCurrentForecast.json in Resources */ = {isa = PBXBuildFile; fileRef = 3743C1B72CD6BF5D004F9CB2 /* TestCurrentForecast.json */; };
		3743C1DD2CD6F605004F9CB2 /* Localizable.xcstrings in Resources */ = {isa = PBXBuildFile; fileRef = 3743C1DC2CD6F605004F9CB2 /* Localizable.xcstrings */; };
		3743C1DE2CD6F605004F9CB2 /* Localizable.xcstrings in Resources */ = {isa = PBXBuildFile; fileRef = 3743C1DC2CD6F605004F9CB2 /* Localizable.xcstrings */; };
		3743C1DF2CD6F605004F9CB2 /* Localizable.xcstrings in Resources */ = {isa = PBXBuildFile; fileRef = 3743C1DC2CD6F605004F9CB2 /* Localizable.xcstrings */; };
/* End PBXBuildFile section */

/* Begin PBXContainerItemProxy section */
		3743C1722CD6A880004F9CB2 /* PBXContainerItemProxy */ = {
			isa = PBXContainerItemProxy;
			containerPortal = 3743C1592CD6A87F004F9CB2 /* Project object */;
			proxyType = 1;
			remoteGlobalIDString = 3743C1602CD6A87F004F9CB2;
			remoteInfo = "MP-Weather";
		};
		3743C17C2CD6A880004F9CB2 /* PBXContainerItemProxy */ = {
			isa = PBXContainerItemProxy;
			containerPortal = 3743C1592CD6A87F004F9CB2 /* Project object */;
			proxyType = 1;
			remoteGlobalIDString = 3743C1602CD6A87F004F9CB2;
			remoteInfo = "MP-Weather";
		};
/* End PBXContainerItemProxy section */

/* Begin PBXFileReference section */
		3743C1612CD6A87F004F9CB2 /* MP-Weather.app */ = {isa = PBXFileReference; explicitFileType = wrapper.application; includeInIndex = 0; path = "MP-Weather.app"; sourceTree = BUILT_PRODUCTS_DIR; };
		3743C1712CD6A880004F9CB2 /* MP-WeatherTests.xctest */ = {isa = PBXFileReference; explicitFileType = wrapper.cfbundle; includeInIndex = 0; path = "MP-WeatherTests.xctest"; sourceTree = BUILT_PRODUCTS_DIR; };
		3743C17B2CD6A880004F9CB2 /* MP-WeatherUITests.xctest */ = {isa = PBXFileReference; explicitFileType = wrapper.cfbundle; includeInIndex = 0; path = "MP-WeatherUITests.xctest"; sourceTree = BUILT_PRODUCTS_DIR; };
		3743C18E2CD6A9D8004F9CB2 /* README.md */ = {isa = PBXFileReference; lastKnownFileType = net.daringfireball.markdown; path = README.md; sourceTree = "<group>"; };
		3743C1902CD6AA6C004F9CB2 /* secrets.xcconfig */ = {isa = PBXFileReference; lastKnownFileType = text.xcconfig; path = secrets.xcconfig; sourceTree = "<group>"; };
		3743C1B22CD6BEC9004F9CB2 /* MP-Weather.xcconfig */ = {isa = PBXFileReference; lastKnownFileType = text.xcconfig; path = "MP-Weather.xcconfig"; sourceTree = "<group>"; };
		3743C1B62CD6BF5D004F9CB2 /* SupportedLocales.plist */ = {isa = PBXFileReference; lastKnownFileType = text.plist.xml; path = SupportedLocales.plist; sourceTree = "<group>"; };
		3743C1B72CD6BF5D004F9CB2 /* TestCurrentForecast.json */ = {isa = PBXFileReference; lastKnownFileType = text.json; path = TestCurrentForecast.json; sourceTree = "<group>"; };
		3743C1B82CD6BF5D004F9CB2 /* TestFutureForecast.json */ = {isa = PBXFileReference; lastKnownFileType = text.json; path = TestFutureForecast.json; sourceTree = "<group>"; };
		3743C1DC2CD6F605004F9CB2 /* Localizable.xcstrings */ = {isa = PBXFileReference; lastKnownFileType = text.json.xcstrings; path = Localizable.xcstrings; sourceTree = "<group>"; };
/* End PBXFileReference section */

/* Begin PBXFileSystemSynchronizedBuildFileExceptionSet section */
		3743C1952CD6ABD0004F9CB2 /* Exceptions for "MP-Weather" folder in "MP-Weather" target */ = {
			isa = PBXFileSystemSynchronizedBuildFileExceptionSet;
			membershipExceptions = (
				Info.plist,
			);
			target = 3743C1602CD6A87F004F9CB2 /* MP-Weather */;
		};
/* End PBXFileSystemSynchronizedBuildFileExceptionSet section */

/* Begin PBXFileSystemSynchronizedRootGroup section */
		3743C1632CD6A87F004F9CB2 /* MP-Weather */ = {
			isa = PBXFileSystemSynchronizedRootGroup;
			exceptions = (
				3743C1952CD6ABD0004F9CB2 /* Exceptions for "MP-Weather" folder in "MP-Weather" target */,
			);
			path = "MP-Weather";
			sourceTree = "<group>";
		};
		3743C1742CD6A880004F9CB2 /* MP-WeatherTests */ = {
			isa = PBXFileSystemSynchronizedRootGroup;
			path = "MP-WeatherTests";
			sourceTree = "<group>";
		};
		3743C17E2CD6A880004F9CB2 /* MP-WeatherUITests */ = {
			isa = PBXFileSystemSynchronizedRootGroup;
			path = "MP-WeatherUITests";
			sourceTree = "<group>";
		};
/* End PBXFileSystemSynchronizedRootGroup section */

/* Begin PBXFrameworksBuildPhase section */
		3743C15E2CD6A87F004F9CB2 /* Frameworks */ = {
			isa = PBXFrameworksBuildPhase;
			buildActionMask = 2147483647;
			files = (
			);
			runOnlyForDeploymentPostprocessing = 0;
		};
		3743C16E2CD6A880004F9CB2 /* Frameworks */ = {
			isa = PBXFrameworksBuildPhase;
			buildActionMask = 2147483647;
			files = (
			);
			runOnlyForDeploymentPostprocessing = 0;
		};
		3743C1782CD6A880004F9CB2 /* Frameworks */ = {
			isa = PBXFrameworksBuildPhase;
			buildActionMask = 2147483647;
			files = (
			);
			runOnlyForDeploymentPostprocessing = 0;
		};
/* End PBXFrameworksBuildPhase section */

/* Begin PBXGroup section */
		3743C1582CD6A87F004F9CB2 = {
			isa = PBXGroup;
			children = (
				3743C18E2CD6A9D8004F9CB2 /* README.md */,
				3743C1902CD6AA6C004F9CB2 /* secrets.xcconfig */,
				3743C1632CD6A87F004F9CB2 /* MP-Weather */,
				3743C1742CD6A880004F9CB2 /* MP-WeatherTests */,
				3743C17E2CD6A880004F9CB2 /* MP-WeatherUITests */,
				3743C1B12CD6BE9E004F9CB2 /* Resources */,
				3743C1622CD6A87F004F9CB2 /* Products */,
			);
			sourceTree = "<group>";
		};
		3743C1622CD6A87F004F9CB2 /* Products */ = {
			isa = PBXGroup;
			children = (
				3743C1612CD6A87F004F9CB2 /* MP-Weather.app */,
				3743C1712CD6A880004F9CB2 /* MP-WeatherTests.xctest */,
				3743C17B2CD6A880004F9CB2 /* MP-WeatherUITests.xctest */,
			);
			name = Products;
			sourceTree = "<group>";
		};
		3743C1B12CD6BE9E004F9CB2 /* Resources */ = {
			isa = PBXGroup;
			children = (
				3743C1B62CD6BF5D004F9CB2 /* SupportedLocales.plist */,
				3743C1B72CD6BF5D004F9CB2 /* TestCurrentForecast.json */,
				3743C1B82CD6BF5D004F9CB2 /* TestFutureForecast.json */,
				3743C1B22CD6BEC9004F9CB2 /* MP-Weather.xcconfig */,
				3743C1DC2CD6F605004F9CB2 /* Localizable.xcstrings */,
			);
			path = Resources;
			sourceTree = "<group>";
		};
/* End PBXGroup section */

/* Begin PBXNativeTarget section */
		3743C1602CD6A87F004F9CB2 /* MP-Weather */ = {
			isa = PBXNativeTarget;
			buildConfigurationList = 3743C1852CD6A880004F9CB2 /* Build configuration list for PBXNativeTarget "MP-Weather" */;
			buildPhases = (
				3743C15D2CD6A87F004F9CB2 /* Sources */,
				3743C15E2CD6A87F004F9CB2 /* Frameworks */,
				3743C15F2CD6A87F004F9CB2 /* Resources */,
			);
			buildRules = (
			);
			dependencies = (
			);
			fileSystemSynchronizedGroups = (
				3743C1632CD6A87F004F9CB2 /* MP-Weather */,
			);
			name = "MP-Weather";
			packageProductDependencies = (
			);
			productName = "MP-Weather";
			productReference = 3743C1612CD6A87F004F9CB2 /* MP-Weather.app */;
			productType = "com.apple.product-type.application";
		};
		3743C1702CD6A880004F9CB2 /* MP-WeatherTests */ = {
			isa = PBXNativeTarget;
			buildConfigurationList = 3743C1882CD6A880004F9CB2 /* Build configuration list for PBXNativeTarget "MP-WeatherTests" */;
			buildPhases = (
				3743C16D2CD6A880004F9CB2 /* Sources */,
				3743C16E2CD6A880004F9CB2 /* Frameworks */,
				3743C16F2CD6A880004F9CB2 /* Resources */,
			);
			buildRules = (
			);
			dependencies = (
				3743C1732CD6A880004F9CB2 /* PBXTargetDependency */,
			);
			fileSystemSynchronizedGroups = (
				3743C1742CD6A880004F9CB2 /* MP-WeatherTests */,
			);
			name = "MP-WeatherTests";
			packageProductDependencies = (
			);
			productName = "MP-WeatherTests";
			productReference = 3743C1712CD6A880004F9CB2 /* MP-WeatherTests.xctest */;
			productType = "com.apple.product-type.bundle.unit-test";
		};
		3743C17A2CD6A880004F9CB2 /* MP-WeatherUITests */ = {
			isa = PBXNativeTarget;
			buildConfigurationList = 3743C18B2CD6A880004F9CB2 /* Build configuration list for PBXNativeTarget "MP-WeatherUITests" */;
			buildPhases = (
				3743C1772CD6A880004F9CB2 /* Sources */,
				3743C1782CD6A880004F9CB2 /* Frameworks */,
				3743C1792CD6A880004F9CB2 /* Resources */,
			);
			buildRules = (
			);
			dependencies = (
				3743C17D2CD6A880004F9CB2 /* PBXTargetDependency */,
			);
			fileSystemSynchronizedGroups = (
				3743C17E2CD6A880004F9CB2 /* MP-WeatherUITests */,
			);
			name = "MP-WeatherUITests";
			packageProductDependencies = (
			);
			productName = "MP-WeatherUITests";
			productReference = 3743C17B2CD6A880004F9CB2 /* MP-WeatherUITests.xctest */;
			productType = "com.apple.product-type.bundle.ui-testing";
		};
/* End PBXNativeTarget section */

/* Begin PBXProject section */
		3743C1592CD6A87F004F9CB2 /* Project object */ = {
			isa = PBXProject;
			attributes = {
				BuildIndependentTargetsInParallel = 1;
				LastSwiftUpdateCheck = 1600;
				LastUpgradeCheck = 1600;
				TargetAttributes = {
					3743C1602CD6A87F004F9CB2 = {
						CreatedOnToolsVersion = 16.0;
					};
					3743C1702CD6A880004F9CB2 = {
						CreatedOnToolsVersion = 16.0;
						TestTargetID = 3743C1602CD6A87F004F9CB2;
					};
					3743C17A2CD6A880004F9CB2 = {
						CreatedOnToolsVersion = 16.0;
						TestTargetID = 3743C1602CD6A87F004F9CB2;
					};
				};
			};
			buildConfigurationList = 3743C15C2CD6A87F004F9CB2 /* Build configuration list for PBXProject "MP-Weather" */;
			developmentRegion = en;
			hasScannedForEncodings = 0;
			knownRegions = (
				en,
				Base,
			);
			mainGroup = 3743C1582CD6A87F004F9CB2;
			minimizedProjectReferenceProxies = 1;
			preferredProjectObjectVersion = 77;
			productRefGroup = 3743C1622CD6A87F004F9CB2 /* Products */;
			projectDirPath = "";
			projectRoot = "";
			targets = (
				3743C1602CD6A87F004F9CB2 /* MP-Weather */,
				3743C1702CD6A880004F9CB2 /* MP-WeatherTests */,
				3743C17A2CD6A880004F9CB2 /* MP-WeatherUITests */,
			);
		};
/* End PBXProject section */

/* Begin PBXResourcesBuildPhase section */
		3743C15F2CD6A87F004F9CB2 /* Resources */ = {
			isa = PBXResourcesBuildPhase;
			buildActionMask = 2147483647;
			files = (
				3743C1912CD6AA6C004F9CB2 /* secrets.xcconfig in Resources */,
				3743C1B32CD6BEC9004F9CB2 /* MP-Weather.xcconfig in Resources */,
				3743C18F2CD6A9DE004F9CB2 /* README.md in Resources */,
				3743C1BC2CD6BF5D004F9CB2 /* TestFutureForecast.json in Resources */,
				3743C1BD2CD6BF5D004F9CB2 /* SupportedLocales.plist in Resources */,
				3743C1BE2CD6BF5D004F9CB2 /* TestCurrentForecast.json in Resources */,
				3743C1DE2CD6F605004F9CB2 /* Localizable.xcstrings in Resources */,
			);
			runOnlyForDeploymentPostprocessing = 0;
		};
		3743C16F2CD6A880004F9CB2 /* Resources */ = {
			isa = PBXResourcesBuildPhase;
			buildActionMask = 2147483647;
			files = (
				3743C1BF2CD6BF5D004F9CB2 /* TestFutureForecast.json in Resources */,
				3743C1DF2CD6F605004F9CB2 /* Localizable.xcstrings in Resources */,
				3743C1C02CD6BF5D004F9CB2 /* SupportedLocales.plist in Resources */,
				3743C1C12CD6BF5D004F9CB2 /* TestCurrentForecast.json in Resources */,
				3743C1922CD6AA6C004F9CB2 /* secrets.xcconfig in Resources */,
			);
			runOnlyForDeploymentPostprocessing = 0;
		};
		3743C1792CD6A880004F9CB2 /* Resources */ = {
			isa = PBXResourcesBuildPhase;
			buildActionMask = 2147483647;
			files = (
				3743C1B92CD6BF5D004F9CB2 /* TestFutureForecast.json in Resources */,
				3743C1DD2CD6F605004F9CB2 /* Localizable.xcstrings in Resources */,
				3743C1BA2CD6BF5D004F9CB2 /* SupportedLocales.plist in Resources */,
				3743C1BB2CD6BF5D004F9CB2 /* TestCurrentForecast.json in Resources */,
				3743C1932CD6AA6C004F9CB2 /* secrets.xcconfig in Resources */,
			);
			runOnlyForDeploymentPostprocessing = 0;
		};
/* End PBXResourcesBuildPhase section */

/* Begin PBXSourcesBuildPhase section */
		3743C15D2CD6A87F004F9CB2 /* Sources */ = {
			isa = PBXSourcesBuildPhase;
			buildActionMask = 2147483647;
			files = (
			);
			runOnlyForDeploymentPostprocessing = 0;
		};
		3743C16D2CD6A880004F9CB2 /* Sources */ = {
			isa = PBXSourcesBuildPhase;
			buildActionMask = 2147483647;
			files = (
			);
			runOnlyForDeploymentPostprocessing = 0;
		};
		3743C1772CD6A880004F9CB2 /* Sources */ = {
			isa = PBXSourcesBuildPhase;
			buildActionMask = 2147483647;
			files = (
			);
			runOnlyForDeploymentPostprocessing = 0;
		};
/* End PBXSourcesBuildPhase section */

/* Begin PBXTargetDependency section */
		3743C1732CD6A880004F9CB2 /* PBXTargetDependency */ = {
			isa = PBXTargetDependency;
			target = 3743C1602CD6A87F004F9CB2 /* MP-Weather */;
			targetProxy = 3743C1722CD6A880004F9CB2 /* PBXContainerItemProxy */;
		};
		3743C17D2CD6A880004F9CB2 /* PBXTargetDependency */ = {
			isa = PBXTargetDependency;
			target = 3743C1602CD6A87F004F9CB2 /* MP-Weather */;
			targetProxy = 3743C17C2CD6A880004F9CB2 /* PBXContainerItemProxy */;
		};
/* End PBXTargetDependency section */

/* Begin XCBuildConfiguration section */
		3743C1832CD6A880004F9CB2 /* Debug */ = {
			isa = XCBuildConfiguration;
			baseConfigurationReference = 3743C1B22CD6BEC9004F9CB2 /* MP-Weather.xcconfig */;
			buildSettings = {
				ALWAYS_SEARCH_USER_PATHS = NO;
				ASSETCATALOG_COMPILER_GENERATE_SWIFT_ASSET_SYMBOL_EXTENSIONS = YES;
				CLANG_ANALYZER_NONNULL = YES;
				CLANG_ANALYZER_NUMBER_OBJECT_CONVERSION = YES_AGGRESSIVE;
				CLANG_CXX_LANGUAGE_STANDARD = "gnu++20";
				CLANG_ENABLE_MODULES = YES;
				CLANG_ENABLE_OBJC_ARC = YES;
				CLANG_ENABLE_OBJC_WEAK = YES;
				CLANG_WARN_BLOCK_CAPTURE_AUTORELEASING = YES;
				CLANG_WARN_BOOL_CONVERSION = YES;
				CLANG_WARN_COMMA = YES;
				CLANG_WARN_CONSTANT_CONVERSION = YES;
				CLANG_WARN_DEPRECATED_OBJC_IMPLEMENTATIONS = YES;
				CLANG_WARN_DIRECT_OBJC_ISA_USAGE = YES_ERROR;
				CLANG_WARN_DOCUMENTATION_COMMENTS = YES;
				CLANG_WARN_EMPTY_BODY = YES;
				CLANG_WARN_ENUM_CONVERSION = YES;
				CLANG_WARN_INFINITE_RECURSION = YES;
				CLANG_WARN_INT_CONVERSION = YES;
				CLANG_WARN_NON_LITERAL_NULL_CONVERSION = YES;
				CLANG_WARN_OBJC_IMPLICIT_RETAIN_SELF = YES;
				CLANG_WARN_OBJC_LITERAL_CONVERSION = YES;
				CLANG_WARN_OBJC_ROOT_CLASS = YES_ERROR;
				CLANG_WARN_QUOTED_INCLUDE_IN_FRAMEWORK_HEADER = YES;
				CLANG_WARN_RANGE_LOOP_ANALYSIS = YES;
				CLANG_WARN_STRICT_PROTOTYPES = YES;
				CLANG_WARN_SUSPICIOUS_MOVE = YES;
				CLANG_WARN_UNGUARDED_AVAILABILITY = YES_AGGRESSIVE;
				CLANG_WARN_UNREACHABLE_CODE = YES;
				CLANG_WARN__DUPLICATE_METHOD_MATCH = YES;
				COPY_PHASE_STRIP = NO;
				DEBUG_INFORMATION_FORMAT = dwarf;
				ENABLE_STRICT_OBJC_MSGSEND = YES;
				ENABLE_TESTABILITY = YES;
				ENABLE_USER_SCRIPT_SANDBOXING = YES;
				GCC_C_LANGUAGE_STANDARD = gnu17;
				GCC_DYNAMIC_NO_PIC = NO;
				GCC_NO_COMMON_BLOCKS = YES;
				GCC_OPTIMIZATION_LEVEL = 0;
				GCC_PREPROCESSOR_DEFINITIONS = (
					"DEBUG=1",
					"$(inherited)",
				);
				GCC_WARN_64_TO_32_BIT_CONVERSION = YES;
				GCC_WARN_ABOUT_RETURN_TYPE = YES_ERROR;
				GCC_WARN_UNDECLARED_SELECTOR = YES;
				GCC_WARN_UNINITIALIZED_AUTOS = YES_AGGRESSIVE;
				GCC_WARN_UNUSED_FUNCTION = YES;
				GCC_WARN_UNUSED_VARIABLE = YES;
				IPHONEOS_DEPLOYMENT_TARGET = 18.0;
				LOCALIZATION_PREFERS_STRING_CATALOGS = YES;
				MTL_ENABLE_DEBUG_INFO = INCLUDE_SOURCE;
				MTL_FAST_MATH = YES;
				ONLY_ACTIVE_ARCH = YES;
				SDKROOT = iphoneos;
				SWIFT_ACTIVE_COMPILATION_CONDITIONS = "DEBUG $(inherited)";
				SWIFT_EMIT_LOC_STRINGS = YES;
				SWIFT_OPTIMIZATION_LEVEL = "-Onone";
			};
			name = Debug;
		};
		3743C1842CD6A880004F9CB2 /* Release */ = {
			isa = XCBuildConfiguration;
			baseConfigurationReference = 3743C1B22CD6BEC9004F9CB2 /* MP-Weather.xcconfig */;
			buildSettings = {
				ALWAYS_SEARCH_USER_PATHS = NO;
				ASSETCATALOG_COMPILER_GENERATE_SWIFT_ASSET_SYMBOL_EXTENSIONS = YES;
				CLANG_ANALYZER_NONNULL = YES;
				CLANG_ANALYZER_NUMBER_OBJECT_CONVERSION = YES_AGGRESSIVE;
				CLANG_CXX_LANGUAGE_STANDARD = "gnu++20";
				CLANG_ENABLE_MODULES = YES;
				CLANG_ENABLE_OBJC_ARC = YES;
				CLANG_ENABLE_OBJC_WEAK = YES;
				CLANG_WARN_BLOCK_CAPTURE_AUTORELEASING = YES;
				CLANG_WARN_BOOL_CONVERSION = YES;
				CLANG_WARN_COMMA = YES;
				CLANG_WARN_CONSTANT_CONVERSION = YES;
				CLANG_WARN_DEPRECATED_OBJC_IMPLEMENTATIONS = YES;
				CLANG_WARN_DIRECT_OBJC_ISA_USAGE = YES_ERROR;
				CLANG_WARN_DOCUMENTATION_COMMENTS = YES;
				CLANG_WARN_EMPTY_BODY = YES;
				CLANG_WARN_ENUM_CONVERSION = YES;
				CLANG_WARN_INFINITE_RECURSION = YES;
				CLANG_WARN_INT_CONVERSION = YES;
				CLANG_WARN_NON_LITERAL_NULL_CONVERSION = YES;
				CLANG_WARN_OBJC_IMPLICIT_RETAIN_SELF = YES;
				CLANG_WARN_OBJC_LITERAL_CONVERSION = YES;
				CLANG_WARN_OBJC_ROOT_CLASS = YES_ERROR;
				CLANG_WARN_QUOTED_INCLUDE_IN_FRAMEWORK_HEADER = YES;
				CLANG_WARN_RANGE_LOOP_ANALYSIS = YES;
				CLANG_WARN_STRICT_PROTOTYPES = YES;
				CLANG_WARN_SUSPICIOUS_MOVE = YES;
				CLANG_WARN_UNGUARDED_AVAILABILITY = YES_AGGRESSIVE;
				CLANG_WARN_UNREACHABLE_CODE = YES;
				CLANG_WARN__DUPLICATE_METHOD_MATCH = YES;
				COPY_PHASE_STRIP = NO;
				DEBUG_INFORMATION_FORMAT = "dwarf-with-dsym";
				ENABLE_NS_ASSERTIONS = NO;
				ENABLE_STRICT_OBJC_MSGSEND = YES;
				ENABLE_USER_SCRIPT_SANDBOXING = YES;
				GCC_C_LANGUAGE_STANDARD = gnu17;
				GCC_NO_COMMON_BLOCKS = YES;
				GCC_WARN_64_TO_32_BIT_CONVERSION = YES;
				GCC_WARN_ABOUT_RETURN_TYPE = YES_ERROR;
				GCC_WARN_UNDECLARED_SELECTOR = YES;
				GCC_WARN_UNINITIALIZED_AUTOS = YES_AGGRESSIVE;
				GCC_WARN_UNUSED_FUNCTION = YES;
				GCC_WARN_UNUSED_VARIABLE = YES;
				IPHONEOS_DEPLOYMENT_TARGET = 18.0;
				LOCALIZATION_PREFERS_STRING_CATALOGS = YES;
				MTL_ENABLE_DEBUG_INFO = NO;
				MTL_FAST_MATH = YES;
				SDKROOT = iphoneos;
				SWIFT_COMPILATION_MODE = wholemodule;
				SWIFT_EMIT_LOC_STRINGS = YES;
				VALIDATE_PRODUCT = YES;
			};
			name = Release;
		};
		3743C1862CD6A880004F9CB2 /* Debug */ = {
			isa = XCBuildConfiguration;
			buildSettings = {
				ASSETCATALOG_COMPILER_APPICON_NAME = AppIcon;
				ASSETCATALOG_COMPILER_GLOBAL_ACCENT_COLOR_NAME = AccentColor;
				CODE_SIGN_STYLE = Automatic;
				CURRENT_PROJECT_VERSION = 1;
				DEVELOPMENT_ASSET_PATHS = "\"MP-Weather/Preview Content\"";
				DEVELOPMENT_TEAM = "";
				ENABLE_PREVIEWS = YES;
				GENERATE_INFOPLIST_FILE = YES;
				INFOPLIST_FILE = "MP-Weather/Info.plist";
				INFOPLIST_KEY_NSLocationWhenInUseUsageDescription = "We need your location to retrieve your local forecast.";
				INFOPLIST_KEY_UIApplicationSceneManifest_Generation = YES;
				INFOPLIST_KEY_UIApplicationSupportsIndirectInputEvents = YES;
				INFOPLIST_KEY_UILaunchScreen_Generation = YES;
				INFOPLIST_KEY_UISupportedInterfaceOrientations = "UIInterfaceOrientationLandscapeLeft UIInterfaceOrientationLandscapeRight UIInterfaceOrientationPortrait UIInterfaceOrientationPortraitUpsideDown";
				IPHONEOS_DEPLOYMENT_TARGET = 17.0;
				LD_RUNPATH_SEARCH_PATHS = (
					"$(inherited)",
					"@executable_path/Frameworks",
				);
				MARKETING_VERSION = 1.0;
				PRODUCT_BUNDLE_IDENTIFIER = "com.deent.MP-Weather";
				PRODUCT_NAME = "$(TARGET_NAME)";
				SUPPORTED_PLATFORMS = "iphoneos iphonesimulator";
				SUPPORTS_MACCATALYST = NO;
				SUPPORTS_MAC_DESIGNED_FOR_IPHONE_IPAD = NO;
				SUPPORTS_XR_DESIGNED_FOR_IPHONE_IPAD = NO;
				SWIFT_EMIT_LOC_STRINGS = YES;
				SWIFT_VERSION = 5.0;
				TARGETED_DEVICE_FAMILY = "1,2";
			};
			name = Debug;
		};
		3743C1872CD6A880004F9CB2 /* Release */ = {
			isa = XCBuildConfiguration;
			buildSettings = {
				ASSETCATALOG_COMPILER_APPICON_NAME = AppIcon;
				ASSETCATALOG_COMPILER_GLOBAL_ACCENT_COLOR_NAME = AccentColor;
				CODE_SIGN_STYLE = Automatic;
				CURRENT_PROJECT_VERSION = 1;
				DEVELOPMENT_ASSET_PATHS = "\"MP-Weather/Preview Content\"";
				DEVELOPMENT_TEAM = "";
				ENABLE_PREVIEWS = YES;
				GENERATE_INFOPLIST_FILE = YES;
				INFOPLIST_FILE = "MP-Weather/Info.plist";
				INFOPLIST_KEY_NSLocationWhenInUseUsageDescription = "We need your location to retrieve your local forecast.";
				INFOPLIST_KEY_UIApplicationSceneManifest_Generation = YES;
				INFOPLIST_KEY_UIApplicationSupportsIndirectInputEvents = YES;
				INFOPLIST_KEY_UILaunchScreen_Generation = YES;
				INFOPLIST_KEY_UISupportedInterfaceOrientations = "UIInterfaceOrientationLandscapeLeft UIInterfaceOrientationLandscapeRight UIInterfaceOrientationPortrait UIInterfaceOrientationPortraitUpsideDown";
				IPHONEOS_DEPLOYMENT_TARGET = 17.0;
				LD_RUNPATH_SEARCH_PATHS = (
					"$(inherited)",
					"@executable_path/Frameworks",
				);
				MARKETING_VERSION = 1.0;
				PRODUCT_BUNDLE_IDENTIFIER = "com.deent.MP-Weather";
				PRODUCT_NAME = "$(TARGET_NAME)";
				SUPPORTED_PLATFORMS = "iphoneos iphonesimulator";
				SUPPORTS_MACCATALYST = NO;
				SUPPORTS_MAC_DESIGNED_FOR_IPHONE_IPAD = NO;
				SUPPORTS_XR_DESIGNED_FOR_IPHONE_IPAD = NO;
				SWIFT_EMIT_LOC_STRINGS = YES;
				SWIFT_VERSION = 5.0;
				TARGETED_DEVICE_FAMILY = "1,2";
			};
			name = Release;
		};
		3743C1892CD6A880004F9CB2 /* Debug */ = {
			isa = XCBuildConfiguration;
			buildSettings = {
				BUNDLE_LOADER = "$(TEST_HOST)";
				CODE_SIGN_STYLE = Automatic;
				CURRENT_PROJECT_VERSION = 1;
				DEVELOPMENT_TEAM = 6KM6T9S2VU;
				GENERATE_INFOPLIST_FILE = YES;
				IPHONEOS_DEPLOYMENT_TARGET = 18.0;
				MARKETING_VERSION = 1.0;
				PRODUCT_BUNDLE_IDENTIFIER = "com.deent.MP-WeatherTests";
				PRODUCT_NAME = "$(TARGET_NAME)";
				SWIFT_EMIT_LOC_STRINGS = NO;
				SWIFT_VERSION = 5.0;
				TARGETED_DEVICE_FAMILY = "1,2";
				TEST_HOST = "$(BUILT_PRODUCTS_DIR)/MP-Weather.app/$(BUNDLE_EXECUTABLE_FOLDER_PATH)/MP-Weather";
			};
			name = Debug;
		};
		3743C18A2CD6A880004F9CB2 /* Release */ = {
			isa = XCBuildConfiguration;
			buildSettings = {
				BUNDLE_LOADER = "$(TEST_HOST)";
				CODE_SIGN_STYLE = Automatic;
				CURRENT_PROJECT_VERSION = 1;
				DEVELOPMENT_TEAM = 6KM6T9S2VU;
				GENERATE_INFOPLIST_FILE = YES;
				IPHONEOS_DEPLOYMENT_TARGET = 18.0;
				MARKETING_VERSION = 1.0;
				PRODUCT_BUNDLE_IDENTIFIER = "com.deent.MP-WeatherTests";
				PRODUCT_NAME = "$(TARGET_NAME)";
				SWIFT_EMIT_LOC_STRINGS = NO;
				SWIFT_VERSION = 5.0;
				TARGETED_DEVICE_FAMILY = "1,2";
				TEST_HOST = "$(BUILT_PRODUCTS_DIR)/MP-Weather.app/$(BUNDLE_EXECUTABLE_FOLDER_PATH)/MP-Weather";
			};
			name = Release;
		};
		3743C18C2CD6A880004F9CB2 /* Debug */ = {
			isa = XCBuildConfiguration;
			buildSettings = {
				CODE_SIGN_STYLE = Automatic;
				CURRENT_PROJECT_VERSION = 1;
				DEVELOPMENT_TEAM = 6KM6T9S2VU;
				GENERATE_INFOPLIST_FILE = YES;
				MARKETING_VERSION = 1.0;
				PRODUCT_BUNDLE_IDENTIFIER = "com.deent.MP-WeatherUITests";
				PRODUCT_NAME = "$(TARGET_NAME)";
				SWIFT_EMIT_LOC_STRINGS = NO;
				SWIFT_VERSION = 5.0;
				TARGETED_DEVICE_FAMILY = "1,2";
				TEST_TARGET_NAME = "MP-Weather";
			};
			name = Debug;
		};
		3743C18D2CD6A880004F9CB2 /* Release */ = {
			isa = XCBuildConfiguration;
			buildSettings = {
				CODE_SIGN_STYLE = Automatic;
				CURRENT_PROJECT_VERSION = 1;
				DEVELOPMENT_TEAM = 6KM6T9S2VU;
				GENERATE_INFOPLIST_FILE = YES;
				MARKETING_VERSION = 1.0;
				PRODUCT_BUNDLE_IDENTIFIER = "com.deent.MP-WeatherUITests";
				PRODUCT_NAME = "$(TARGET_NAME)";
				SWIFT_EMIT_LOC_STRINGS = NO;
				SWIFT_VERSION = 5.0;
				TARGETED_DEVICE_FAMILY = "1,2";
				TEST_TARGET_NAME = "MP-Weather";
			};
			name = Release;
		};
/* End XCBuildConfiguration section */

/* Begin XCConfigurationList section */
		3743C15C2CD6A87F004F9CB2 /* Build configuration list for PBXProject "MP-Weather" */ = {
			isa = XCConfigurationList;
			buildConfigurations = (
				3743C1832CD6A880004F9CB2 /* Debug */,
				3743C1842CD6A880004F9CB2 /* Release */,
			);
			defaultConfigurationIsVisible = 0;
			defaultConfigurationName = Release;
		};
		3743C1852CD6A880004F9CB2 /* Build configuration list for PBXNativeTarget "MP-Weather" */ = {
			isa = XCConfigurationList;
			buildConfigurations = (
				3743C1862CD6A880004F9CB2 /* Debug */,
				3743C1872CD6A880004F9CB2 /* Release */,
			);
			defaultConfigurationIsVisible = 0;
			defaultConfigurationName = Release;
		};
		3743C1882CD6A880004F9CB2 /* Build configuration list for PBXNativeTarget "MP-WeatherTests" */ = {
			isa = XCConfigurationList;
			buildConfigurations = (
				3743C1892CD6A880004F9CB2 /* Debug */,
				3743C18A2CD6A880004F9CB2 /* Release */,
			);
			defaultConfigurationIsVisible = 0;
			defaultConfigurationName = Release;
		};
		3743C18B2CD6A880004F9CB2 /* Build configuration list for PBXNativeTarget "MP-WeatherUITests" */ = {
			isa = XCConfigurationList;
			buildConfigurations = (
				3743C18C2CD6A880004F9CB2 /* Debug */,
				3743C18D2CD6A880004F9CB2 /* Release */,
			);
			defaultConfigurationIsVisible = 0;
			defaultConfigurationName = Release;
		};
/* End XCConfigurationList section */
	};
	rootObject = 3743C1592CD6A87F004F9CB2 /* Project object */;
}
